
Microsoft Visual Studio Solution File, Format Version 12.00
# Visual Studio Version 17
VisualStudioVersion = 17.11.35303.130
MinimumVisualStudioVersion = 10.0.40219.1
Project("{FAE04EC0-301F-11D3-BF4B-00C04F79EFBC}") = "EjemploForms", "EjemploForms.csproj", "{E220FD2B-C14E-42EA-B416-EB2CEF8127BE}"
EndProject
Global
	GlobalSection(SolutionConfigurationPlatforms) = preSolution
		Debug|Any CPU = Debug|Any CPU
		Release|Any CPU = Release|Any CPU
	EndGlobalSection
	GlobalSection(ProjectConfigurationPlatforms) = postSolution
		{E220FD2B-C14E-42EA-B416-EB2CEF8127BE}.Debug|Any CPU.ActiveCfg = Debug|Any CPU
		{E220FD2B-C14E-42EA-B416-EB2CEF8127BE}.Debug|Any CPU.Build.0 = Debug|Any CPU
		{E220FD2B-C14E-42EA-B416-EB2CEF8127BE}.Release|Any CPU.ActiveCfg = Release|Any CPU
		{E220FD2B-C14E-42EA-B416-EB2CEF8127BE}.Release|Any CPU.Build.0 = Release|Any CPU
	EndGlobalSection
	GlobalSection(SolutionProperties) = preSolution
		HideSolutionNode = FALSE
	EndGlobalSection
	GlobalSection(ExtensibilityGlobals) = postSolution
		SolutionGuid = {D3E664DB-B4FE-4EFB-BEA4-18E738C56B99}
	EndGlobalSection
EndGlobal
